
Microsoft Visual Studio Solution File, Format Version 12.00
# Visual Studio 15
Project("{FAE04EC0-301F-11D3-BF4B-00C04F79EFBC}") = "Assembly-CSharp", "Assembly-CSharp.csproj", "{ACA3B108-2524-FD8B-9D12-30CA99826AE0}"
EndProject
Project("{FAE04EC0-301F-11D3-BF4B-00C04F79EFBC}") = "Assembly-CSharp-Editor", "Assembly-CSharp-Editor.csproj", "{58A55A1B-1942-26B3-6498-94ABE27B8B95}"
EndProject
Global
	GlobalSection(SolutionConfigurationPlatforms) = preSolution
		Debug|Any CPU = Debug|Any CPU
		Release|Any CPU = Release|Any CPU
	EndGlobalSection
	GlobalSection(ProjectConfigurationPlatforms) = postSolution
		{ACA3B108-2524-FD8B-9D12-30CA99826AE0}.Debug|Any CPU.ActiveCfg = Debug|Any CPU
		{ACA3B108-2524-FD8B-9D12-30CA99826AE0}.Debug|Any CPU.Build.0 = Debug|Any CPU
		{ACA3B108-2524-FD8B-9D12-30CA99826AE0}.Release|Any CPU.ActiveCfg = Release|Any CPU
		{ACA3B108-2524-FD8B-9D12-30CA99826AE0}.Release|Any CPU.Build.0 = Release|Any CPU
		{58A55A1B-1942-26B3-6498-94ABE27B8B95}.Debug|Any CPU.ActiveCfg = Debug|Any CPU
		{58A55A1B-1942-26B3-6498-94ABE27B8B95}.Debug|Any CPU.Build.0 = Debug|Any CPU
		{58A55A1B-1942-26B3-6498-94ABE27B8B95}.Release|Any CPU.ActiveCfg = Release|Any CPU
		{58A55A1B-1942-26B3-6498-94ABE27B8B95}.Release|Any CPU.Build.0 = Release|Any CPU
	EndGlobalSection
	GlobalSection(SolutionProperties) = preSolution
		HideSolutionNode = FALSE
	EndGlobalSection
EndGlobal
